// !$*UTF8*$!
{
	archiveVersion = 1;
	classes = {
	};
	objectVersion = 46;
	objects = {

/* Begin PBXBuildFile section */
		AD232FE81BC2AF44005E3B77 /* main.m in Sources */ = {isa = PBXBuildFile; fileRef = AD232FE71BC2AF44005E3B77 /* main.m */; };
		AD232FEB1BC2AF44005E3B77 /* AppDelegate.m in Sources */ = {isa = PBXBuildFile; fileRef = AD232FEA1BC2AF44005E3B77 /* AppDelegate.m */; };
		AD232FEE1BC2AF44005E3B77 /* ViewController.m in Sources */ = {isa = PBXBuildFile; fileRef = AD232FED1BC2AF44005E3B77 /* ViewController.m */; };
		AD232FF11BC2AF44005E3B77 /* Main.storyboard in Resources */ = {isa = PBXBuildFile; fileRef = AD232FEF1BC2AF44005E3B77 /* Main.storyboard */; };
		AD232FF31BC2AF44005E3B77 /* Assets.xcassets in Resources */ = {isa = PBXBuildFile; fileRef = AD232FF21BC2AF44005E3B77 /* Assets.xcassets */; };
		AD232FF61BC2AF44005E3B77 /* LaunchScreen.storyboard in Resources */ = {isa = PBXBuildFile; fileRef = AD232FF41BC2AF44005E3B77 /* LaunchScreen.storyboard */; };
/* End PBXBuildFile section */

/* Begin PBXFileReference section */
		AD232FE31BC2AF44005E3B77 /* Lesson7HW.app */ = {isa = PBXFileReference; explicitFileType = wrapper.application; includeInIndex = 0; path = Lesson7HW.app; sourceTree = BUILT_PRODUCTS_DIR; };
		AD232FE71BC2AF44005E3B77 /* main.m */ = {isa = PBXFileReference; lastKnownFileType = sourcecode.c.objc; path = main.m; sourceTree = "<group>"; };
		AD232FE91BC2AF44005E3B77 /* AppDelegate.h */ = {isa = PBXFileReference; lastKnownFileType = sourcecode.c.h; path = AppDelegate.h; sourceTree = "<group>"; };
		AD232FEA1BC2AF44005E3B77 /* AppDelegate.m */ = {isa = PBXFileReference; lastKnownFileType = sourcecode.c.objc; path = AppDelegate.m; sourceTree = "<group>"; };
		AD232FEC1BC2AF44005E3B77 /* ViewController.h */ = {isa = PBXFileReference; lastKnownFileType = sourcecode.c.h; path = ViewController.h; sourceTree = "<group>"; };
		AD232FED1BC2AF44005E3B77 /* ViewController.m */ = {isa = PBXFileReference; lastKnownFileType = sourcecode.c.objc; path = ViewController.m; sourceTree = "<group>"; };
		AD232FF01BC2AF44005E3B77 /* Base */ = {isa = PBXFileReference; lastKnownFileType = file.storyboard; name = Base; path = Base.lproj/Main.storyboard; sourceTree = "<group>"; };
		AD232FF21BC2AF44005E3B77 /* Assets.xcassets */ = {isa = PBXFileReference; lastKnownFileType = folder.assetcatalog; path = Assets.xcassets; sourceTree = "<group>"; };
		AD232FF51BC2AF44005E3B77 /* Base */ = {isa = PBXFileReference; lastKnownFileType = file.storyboard; name = Base; path = Base.lproj/LaunchScreen.storyboard; sourceTree = "<group>"; };
		AD232FF71BC2AF44005E3B77 /* Info.plist */ = {isa = PBXFileReference; lastKnownFileType = text.plist.xml; path = Info.plist; sourceTree = "<group>"; };
/* End PBXFileReference section */

/* Begin PBXFrameworksBuildPhase section */
		AD232FE01BC2AF44005E3B77 /* Frameworks */ = {
			isa = PBXFrameworksBuildPhase;
			buildActionMask = 2147483647;
			files = (
			);
			runOnlyForDeploymentPostprocessing = 0;
		};
/* End PBXFrameworksBuildPhase section */

/* Begin PBXGroup section */
		AD232FDA1BC2AF44005E3B77 = {
			isa = PBXGroup;
			children = (
				AD232FE51BC2AF44005E3B77 /* Lesson7HW */,
				AD232FE41BC2AF44005E3B77 /* Products */,
			);
			sourceTree = "<group>";
		};
		AD232FE41BC2AF44005E3B77 /* Products */ = {
			isa = PBXGroup;
			children = (
				AD232FE31BC2AF44005E3B77 /* Lesson7HW.app */,
			);
			name = Products;
			sourceTree = "<group>";
		};
		AD232FE51BC2AF44005E3B77 /* Lesson7HW */ = {
			isa = PBXGroup;
			children = (
				AD232FE91BC2AF44005E3B77 /* AppDelegate.h */,
				AD232FEA1BC2AF44005E3B77 /* AppDelegate.m */,
				AD232FEC1BC2AF44005E3B77 /* ViewController.h */,
				AD232FED1BC2AF44005E3B77 /* ViewController.m */,
				AD232FEF1BC2AF44005E3B77 /* Main.storyboard */,
				AD232FF21BC2AF44005E3B77 /* Assets.xcassets */,
				AD232FF41BC2AF44005E3B77 /* LaunchScreen.storyboard */,
				AD232FF71BC2AF44005E3B77 /* Info.plist */,
				AD232FE61BC2AF44005E3B77 /* Supporting Files */,
			);
			path = Lesson7HW;
			sourceTree = "<group>";
		};
		AD232FE61BC2AF44005E3B77 /* Supporting Files */ = {
			isa = PBXGroup;
			children = (
				AD232FE71BC2AF44005E3B77 /* main.m */,
			);
			name = "Supporting Files";
			sourceTree = "<group>";
		};
/* End PBXGroup section */

/* Begin PBXNativeTarget section */
		AD232FE21BC2AF44005E3B77 /* Lesson7HW */ = {
			isa = PBXNativeTarget;
			buildConfigurationList = AD232FFA1BC2AF44005E3B77 /* Build configuration list for PBXNativeTarget "Lesson7HW" */;
			buildPhases = (
				AD232FDF1BC2AF44005E3B77 /* Sources */,
				AD232FE01BC2AF44005E3B77 /* Frameworks */,
				AD232FE11BC2AF44005E3B77 /* Resources */,
			);
			buildRules = (
			);
			dependencies = (
			);
			name = Lesson7HW;
			productName = Lesson7HW;
			productReference = AD232FE31BC2AF44005E3B77 /* Lesson7HW.app */;
			productType = "com.apple.product-type.application";
		};
/* End PBXNativeTarget section */

/* Begin PBXProject section */
		AD232FDB1BC2AF44005E3B77 /* Project object */ = {
			isa = PBXProject;
			attributes = {
				LastUpgradeCheck = 0700;
				ORGANIZATIONNAME = datastore24;
				TargetAttributes = {
					AD232FE21BC2AF44005E3B77 = {
						CreatedOnToolsVersion = 7.0.1;
					};
				};
			};
			buildConfigurationList = AD232FDE1BC2AF44005E3B77 /* Build configuration list for PBXProject "Lesson7HW" */;
			compatibilityVersion = "Xcode 3.2";
			developmentRegion = English;
			hasScannedForEncodings = 0;
			knownRegions = (
				en,
				Base,
			);
			mainGroup = AD232FDA1BC2AF44005E3B77;
			productRefGroup = AD232FE41BC2AF44005E3B77 /* Products */;
			projectDirPath = "";
			projectRoot = "";
			targets = (
				AD232FE21BC2AF44005E3B77 /* Lesson7HW */,
			);
		};
/* End PBXProject section */

/* Begin PBXResourcesBuildPhase section */
		AD232FE11BC2AF44005E3B77 /* Resources */ = {
			isa = PBXResourcesBuildPhase;
			buildActionMask = 2147483647;
			files = (
				AD232FF61BC2AF44005E3B77 /* LaunchScreen.storyboard in Resources */,
				AD232FF31BC2AF44005E3B77 /* Assets.xcassets in Resources */,
				AD232FF11BC2AF44005E3B77 /* Main.storyboard in Resources */,
			);
			runOnlyForDeploymentPostprocessing = 0;
		};
/* End PBXResourcesBuildPhase section */

/* Begin PBXSourcesBuildPhase section */
		AD232FDF1BC2AF44005E3B77 /* Sources */ = {
			isa = PBXSourcesBuildPhase;
			buildActionMask = 2147483647;
			files = (
				AD232FEE1BC2AF44005E3B77 /* ViewController.m in Sources */,
				AD232FEB1BC2AF44005E3B77 /* AppDelegate.m in Sources */,
				AD232FE81BC2AF44005E3B77 /* main.m in Sources */,
			);
			runOnlyForDeploymentPostprocessing = 0;
		};
/* End PBXSourcesBuildPhase section */

/* Begin PBXVariantGroup section */
		AD232FEF1BC2AF44005E3B77 /* Main.storyboard */ = {
			isa = PBXVariantGroup;
			children = (
				AD232FF01BC2AF44005E3B77 /* Base */,
			);
			name = Main.storyboard;
			sourceTree = "<group>";
		};
		AD232FF41BC2AF44005E3B77 /* LaunchScreen.storyboard */ = {
			isa = PBXVariantGroup;
			children = (
				AD232FF51BC2AF44005E3B77 /* Base */,
			);
			name = LaunchScreen.storyboard;
			sourceTree = "<group>";
		};
/* End PBXVariantGroup section */

/* Begin XCBuildConfiguration section */
		AD232FF81BC2AF44005E3B77 /* Debug */ = {
			isa = XCBuildConfiguration;
			buildSettings = {
				ALWAYS_SEARCH_USER_PATHS = NO;
				CLANG_CXX_LANGUAGE_STANDARD = "gnu++0x";
				CLANG_CXX_LIBRARY = "libc++";
				CLANG_ENABLE_MODULES = YES;
				CLANG_ENABLE_OBJC_ARC = YES;
				CLANG_WARN_BOOL_CONVERSION = YES;
				CLANG_WARN_CONSTANT_CONVERSION = YES;
				CLANG_WARN_DIRECT_OBJC_ISA_USAGE = YES_ERROR;
				CLANG_WARN_EMPTY_BODY = YES;
				CLANG_WARN_ENUM_CONVERSION = YES;
				CLANG_WARN_INT_CONVERSION = YES;
				CLANG_WARN_OBJC_ROOT_CLASS = YES_ERROR;
				CLANG_WARN_UNREACHABLE_CODE = YES;
				CLANG_WARN__DUPLICATE_METHOD_MATCH = YES;
				"CODE_SIGN_IDENTITY[sdk=iphoneos*]" = "iPhone Developer";
				COPY_PHASE_STRIP = NO;
				DEBUG_INFORMATION_FORMAT = dwarf;
				ENABLE_STRICT_OBJC_MSGSEND = YES;
				ENABLE_TESTABILITY = YES;
				GCC_C_LANGUAGE_STANDARD = gnu99;
				GCC_DYNAMIC_NO_PIC = NO;
				GCC_NO_COMMON_BLOCKS = YES;
				GCC_OPTIMIZATION_LEVEL = 0;
				GCC_PREPROCESSOR_DEFINITIONS = (
					"DEBUG=1",
					"$(inherited)",
				);
				GCC_WARN_64_TO_32_BIT_CONVERSION = YES;
				GCC_WARN_ABOUT_RETURN_TYPE = YES_ERROR;
				GCC_WARN_UNDECLARED_SELECTOR = YES;
				GCC_WARN_UNINITIALIZED_AUTOS = YES_AGGRESSIVE;
				GCC_WARN_UNUSED_FUNCTION = YES;
				GCC_WARN_UNUSED_VARIABLE = YES;
				IPHONEOS_DEPLOYMENT_TARGET = 9.0;
				MTL_ENABLE_DEBUG_INFO = YES;
				ONLY_ACTIVE_ARCH = YES;
				SDKROOT = iphoneos;
			};
			name = Debug;
		};
		AD232FF91BC2AF44005E3B77 /* Release */ = {
			isa = XCBuildConfiguration;
			buildSettings = {
				ALWAYS_SEARCH_USER_PATHS = NO;
				CLANG_CXX_LANGUAGE_STANDARD = "gnu++0x";
				CLANG_CXX_LIBRARY = "libc++";
				CLANG_ENABLE_MODULES = YES;
				CLANG_ENABLE_OBJC_ARC = YES;
				CLANG_WARN_BOOL_CONVERSION = YES;
				CLANG_WARN_CONSTANT_CONVERSION = YES;
				CLANG_WARN_DIRECT_OBJC_ISA_USAGE = YES_ERROR;
				CLANG_WARN_EMPTY_BODY = YES;
				CLANG_WARN_ENUM_CONVERSION = YES;
				CLANG_WARN_INT_CONVERSION = YES;
				CLANG_WARN_OBJC_ROOT_CLASS = YES_ERROR;
				CLANG_WARN_UNREACHABLE_CODE = YES;
				CLANG_WARN__DUPLICATE_METHOD_MATCH = YES;
				"CODE_SIGN_IDENTITY[sdk=iphoneos*]" = "iPhone Developer";
				COPY_PHASE_STRIP = NO;
				DEBUG_INFORMATION_FORMAT = "dwarf-with-dsym";
				ENABLE_NS_ASSERTIONS = NO;
				ENABLE_STRICT_OBJC_MSGSEND = YES;
				GCC_C_LANGUAGE_STANDARD = gnu99;
				GCC_NO_COMMON_BLOCKS = YES;
				GCC_WARN_64_TO_32_BIT_CONVERSION = YES;
				GCC_WARN_ABOUT_RETURN_TYPE = YES_ERROR;
				GCC_WARN_UNDECLARED_SELECTOR = YES;
				GCC_WARN_UNINITIALIZED_AUTOS = YES_AGGRESSIVE;
				GCC_WARN_UNUSED_FUNCTION = YES;
				GCC_WARN_UNUSED_VARIABLE = YES;
				IPHONEOS_DEPLOYMENT_TARGET = 9.0;
				MTL_ENABLE_DEBUG_INFO = NO;
				SDKROOT = iphoneos;
				VALIDATE_PRODUCT = YES;
			};
			name = Release;
		};
		AD232FFB1BC2AF44005E3B77 /* Debug */ = {
			isa = XCBuildConfiguration;
			buildSettings = {
				ASSETCATALOG_COMPILER_APPICON_NAME = AppIcon;
				INFOPLIST_FILE = Lesson7HW/Info.plist;
				LD_RUNPATH_SEARCH_PATHS = "$(inherited) @executable_path/Frameworks";
				PRODUCT_BUNDLE_IDENTIFIER = com.datastore24.Lesson7HW;
				PRODUCT_NAME = "$(TARGET_NAME)";
			};
			name = Debug;
		};
		AD232FFC1BC2AF44005E3B77 /* Release */ = {
			isa = XCBuildConfiguration;
			buildSettings = {
				ASSETCATALOG_COMPILER_APPICON_NAME = AppIcon;
				INFOPLIST_FILE = Lesson7HW/Info.plist;
				LD_RUNPATH_SEARCH_PATHS = "$(inherited) @executable_path/Frameworks";
				PRODUCT_BUNDLE_IDENTIFIER = com.datastore24.Lesson7HW;
				PRODUCT_NAME = "$(TARGET_NAME)";
			};
			name = Release;
		};
/* End XCBuildConfiguration section */

/* Begin XCConfigurationList section */
		AD232FDE1BC2AF44005E3B77 /* Build configuration list for PBXProject "Lesson7HW" */ = {
			isa = XCConfigurationList;
			buildConfigurations = (
				AD232FF81BC2AF44005E3B77 /* Debug */,
				AD232FF91BC2AF44005E3B77 /* Release */,
			);
			defaultConfigurationIsVisible = 0;
			defaultConfigurationName = Release;
		};
		AD232FFA1BC2AF44005E3B77 /* Build configuration list for PBXNativeTarget "Lesson7HW" */ = {
			isa = XCConfigurationList;
			buildConfigurations = (
				AD232FFB1BC2AF44005E3B77 /* Debug */,
				AD232FFC1BC2AF44005E3B77 /* Release */,
			);
			defaultConfigurationIsVisible = 0;
		};
/* End XCConfigurationList section */
	};
	rootObject = AD232FDB1BC2AF44005E3B77 /* Project object */;
}
