// !$*UTF8*$!
{
	archiveVersion = 1;
	classes = {
	};
	objectVersion = 46;
	objects = {

/* Begin PBXBuildFile section */
		9C902FC2888774EE017FF783 /* libPods-LessonII-5HW.a in Frameworks */ = {isa = PBXBuildFile; fileRef = 6461F9890AD9854D6D98BD68 /* libPods-LessonII-5HW.a */; };
		AD9E77051BB7187000F45DD8 /* main.m in Sources */ = {isa = PBXBuildFile; fileRef = AD9E77041BB7187000F45DD8 /* main.m */; };
		AD9E77081BB7187000F45DD8 /* AppDelegate.m in Sources */ = {isa = PBXBuildFile; fileRef = AD9E77071BB7187000F45DD8 /* AppDelegate.m */; };
		AD9E770B1BB7187000F45DD8 /* ViewController.m in Sources */ = {isa = PBXBuildFile; fileRef = AD9E770A1BB7187000F45DD8 /* ViewController.m */; };
		AD9E770E1BB7187000F45DD8 /* Main.storyboard in Resources */ = {isa = PBXBuildFile; fileRef = AD9E770C1BB7187000F45DD8 /* Main.storyboard */; };
		AD9E77101BB7187000F45DD8 /* Assets.xcassets in Resources */ = {isa = PBXBuildFile; fileRef = AD9E770F1BB7187000F45DD8 /* Assets.xcassets */; };
		AD9E77131BB7187000F45DD8 /* LaunchScreen.storyboard in Resources */ = {isa = PBXBuildFile; fileRef = AD9E77111BB7187000F45DD8 /* LaunchScreen.storyboard */; };
		AD9E771C1BB7193800F45DD8 /* LessonII-5HW.xcdatamodeld in Sources */ = {isa = PBXBuildFile; fileRef = AD9E771A1BB7193800F45DD8 /* LessonII-5HW.xcdatamodeld */; settings = {ASSET_TAGS = (); }; };
		AD9E77211BB7199600F45DD8 /* Users+CoreDataProperties.m in Sources */ = {isa = PBXBuildFile; fileRef = AD9E771E1BB7199600F45DD8 /* Users+CoreDataProperties.m */; settings = {ASSET_TAGS = (); }; };
		AD9E77221BB7199600F45DD8 /* Users.m in Sources */ = {isa = PBXBuildFile; fileRef = AD9E77201BB7199600F45DD8 /* Users.m */; settings = {ASSET_TAGS = (); }; };
		AD9E77251BB71FBC00F45DD8 /* UsersDbClass.m in Sources */ = {isa = PBXBuildFile; fileRef = AD9E77241BB71FBC00F45DD8 /* UsersDbClass.m */; settings = {ASSET_TAGS = (); }; };
		AD9E772A1BB72DD800F45DD8 /* UsersInfoViewController.m in Sources */ = {isa = PBXBuildFile; fileRef = AD9E77291BB72DD800F45DD8 /* UsersInfoViewController.m */; settings = {ASSET_TAGS = (); }; };
		AD9E772D1BB7386D00F45DD8 /* CustomTableView.m in Sources */ = {isa = PBXBuildFile; fileRef = AD9E772C1BB7386D00F45DD8 /* CustomTableView.m */; settings = {ASSET_TAGS = (); }; };
		AD9E772F1BB7490B00F45DD8 /* security.jpg in Resources */ = {isa = PBXBuildFile; fileRef = AD9E772E1BB7490A00F45DD8 /* security.jpg */; settings = {ASSET_TAGS = (); }; };
		AD9E77311BB7511200F45DD8 /* viewBackground.jpg in Resources */ = {isa = PBXBuildFile; fileRef = AD9E77301BB7511100F45DD8 /* viewBackground.jpg */; settings = {ASSET_TAGS = (); }; };
/* End PBXBuildFile section */

/* Begin PBXFileReference section */
		56713367B9C2A1FB815C4423 /* Pods-LessonII-5HW.debug.xcconfig */ = {isa = PBXFileReference; includeInIndex = 1; lastKnownFileType = text.xcconfig; name = "Pods-LessonII-5HW.debug.xcconfig"; path = "Pods/Target Support Files/Pods-LessonII-5HW/Pods-LessonII-5HW.debug.xcconfig"; sourceTree = "<group>"; };
		6461F9890AD9854D6D98BD68 /* libPods-LessonII-5HW.a */ = {isa = PBXFileReference; explicitFileType = archive.ar; includeInIndex = 0; path = "libPods-LessonII-5HW.a"; sourceTree = BUILT_PRODUCTS_DIR; };
		872C717C4D49DB5C40A112E4 /* Pods-LessonII-5HW.release.xcconfig */ = {isa = PBXFileReference; includeInIndex = 1; lastKnownFileType = text.xcconfig; name = "Pods-LessonII-5HW.release.xcconfig"; path = "Pods/Target Support Files/Pods-LessonII-5HW/Pods-LessonII-5HW.release.xcconfig"; sourceTree = "<group>"; };
		AD9E77001BB7187000F45DD8 /* LessonII-5HW.app */ = {isa = PBXFileReference; explicitFileType = wrapper.application; includeInIndex = 0; path = "LessonII-5HW.app"; sourceTree = BUILT_PRODUCTS_DIR; };
		AD9E77041BB7187000F45DD8 /* main.m */ = {isa = PBXFileReference; lastKnownFileType = sourcecode.c.objc; path = main.m; sourceTree = "<group>"; };
		AD9E77061BB7187000F45DD8 /* AppDelegate.h */ = {isa = PBXFileReference; lastKnownFileType = sourcecode.c.h; path = AppDelegate.h; sourceTree = "<group>"; };
		AD9E77071BB7187000F45DD8 /* AppDelegate.m */ = {isa = PBXFileReference; lastKnownFileType = sourcecode.c.objc; path = AppDelegate.m; sourceTree = "<group>"; };
		AD9E77091BB7187000F45DD8 /* ViewController.h */ = {isa = PBXFileReference; lastKnownFileType = sourcecode.c.h; path = ViewController.h; sourceTree = "<group>"; };
		AD9E770A1BB7187000F45DD8 /* ViewController.m */ = {isa = PBXFileReference; lastKnownFileType = sourcecode.c.objc; path = ViewController.m; sourceTree = "<group>"; };
		AD9E770D1BB7187000F45DD8 /* Base */ = {isa = PBXFileReference; lastKnownFileType = file.storyboard; name = Base; path = Base.lproj/Main.storyboard; sourceTree = "<group>"; };
		AD9E770F1BB7187000F45DD8 /* Assets.xcassets */ = {isa = PBXFileReference; lastKnownFileType = folder.assetcatalog; path = Assets.xcassets; sourceTree = "<group>"; };
		AD9E77121BB7187000F45DD8 /* Base */ = {isa = PBXFileReference; lastKnownFileType = file.storyboard; name = Base; path = Base.lproj/LaunchScreen.storyboard; sourceTree = "<group>"; };
		AD9E77141BB7187000F45DD8 /* Info.plist */ = {isa = PBXFileReference; lastKnownFileType = text.plist.xml; path = Info.plist; sourceTree = "<group>"; };
		AD9E771B1BB7193800F45DD8 /* LessonII-5HW.xcdatamodel */ = {isa = PBXFileReference; lastKnownFileType = wrapper.xcdatamodel; path = "LessonII-5HW.xcdatamodel"; sourceTree = "<group>"; };
		AD9E771D1BB7199600F45DD8 /* Users+CoreDataProperties.h */ = {isa = PBXFileReference; fileEncoding = 4; lastKnownFileType = sourcecode.c.h; name = "Users+CoreDataProperties.h"; path = "../Users+CoreDataProperties.h"; sourceTree = "<group>"; };
		AD9E771E1BB7199600F45DD8 /* Users+CoreDataProperties.m */ = {isa = PBXFileReference; fileEncoding = 4; lastKnownFileType = sourcecode.c.objc; name = "Users+CoreDataProperties.m"; path = "../Users+CoreDataProperties.m"; sourceTree = "<group>"; };
		AD9E771F1BB7199600F45DD8 /* Users.h */ = {isa = PBXFileReference; fileEncoding = 4; lastKnownFileType = sourcecode.c.h; name = Users.h; path = ../Users.h; sourceTree = "<group>"; };
		AD9E77201BB7199600F45DD8 /* Users.m */ = {isa = PBXFileReference; fileEncoding = 4; lastKnownFileType = sourcecode.c.objc; name = Users.m; path = ../Users.m; sourceTree = "<group>"; };
		AD9E77231BB71FBC00F45DD8 /* UsersDbClass.h */ = {isa = PBXFileReference; fileEncoding = 4; lastKnownFileType = sourcecode.c.h; name = UsersDbClass.h; path = ../UsersDbClass.h; sourceTree = "<group>"; };
		AD9E77241BB71FBC00F45DD8 /* UsersDbClass.m */ = {isa = PBXFileReference; fileEncoding = 4; lastKnownFileType = sourcecode.c.objc; name = UsersDbClass.m; path = ../UsersDbClass.m; sourceTree = "<group>"; };
		AD9E77271BB729E200F45DD8 /* ConstantsHeader.h */ = {isa = PBXFileReference; lastKnownFileType = sourcecode.c.h; path = ConstantsHeader.h; sourceTree = "<group>"; };
		AD9E77281BB72DD800F45DD8 /* UsersInfoViewController.h */ = {isa = PBXFileReference; fileEncoding = 4; lastKnownFileType = sourcecode.c.h; path = UsersInfoViewController.h; sourceTree = "<group>"; };
		AD9E77291BB72DD800F45DD8 /* UsersInfoViewController.m */ = {isa = PBXFileReference; fileEncoding = 4; lastKnownFileType = sourcecode.c.objc; path = UsersInfoViewController.m; sourceTree = "<group>"; };
		AD9E772B1BB7386D00F45DD8 /* CustomTableView.h */ = {isa = PBXFileReference; fileEncoding = 4; lastKnownFileType = sourcecode.c.h; path = CustomTableView.h; sourceTree = "<group>"; };
		AD9E772C1BB7386D00F45DD8 /* CustomTableView.m */ = {isa = PBXFileReference; fileEncoding = 4; lastKnownFileType = sourcecode.c.objc; path = CustomTableView.m; sourceTree = "<group>"; };
		AD9E772E1BB7490A00F45DD8 /* security.jpg */ = {isa = PBXFileReference; lastKnownFileType = image.jpeg; path = security.jpg; sourceTree = "<group>"; };
		AD9E77301BB7511100F45DD8 /* viewBackground.jpg */ = {isa = PBXFileReference; lastKnownFileType = image.jpeg; path = viewBackground.jpg; sourceTree = "<group>"; };
/* End PBXFileReference section */

/* Begin PBXFrameworksBuildPhase section */
		AD9E76FD1BB7187000F45DD8 /* Frameworks */ = {
			isa = PBXFrameworksBuildPhase;
			buildActionMask = 2147483647;
			files = (
				9C902FC2888774EE017FF783 /* libPods-LessonII-5HW.a in Frameworks */,
			);
			runOnlyForDeploymentPostprocessing = 0;
		};
/* End PBXFrameworksBuildPhase section */

/* Begin PBXGroup section */
		33759CDDE8E449A43E1DA530 /* Pods */ = {
			isa = PBXGroup;
			children = (
				56713367B9C2A1FB815C4423 /* Pods-LessonII-5HW.debug.xcconfig */,
				872C717C4D49DB5C40A112E4 /* Pods-LessonII-5HW.release.xcconfig */,
			);
			name = Pods;
			sourceTree = "<group>";
		};
		80625EBC3DC0BB2079A3028F /* Frameworks */ = {
			isa = PBXGroup;
			children = (
				6461F9890AD9854D6D98BD68 /* libPods-LessonII-5HW.a */,
			);
			name = Frameworks;
			sourceTree = "<group>";
		};
		AD9E76F71BB7187000F45DD8 = {
			isa = PBXGroup;
			children = (
				AD9E77271BB729E200F45DD8 /* ConstantsHeader.h */,
				AD9E77021BB7187000F45DD8 /* LessonII-5HW */,
				AD9E77011BB7187000F45DD8 /* Products */,
				33759CDDE8E449A43E1DA530 /* Pods */,
				80625EBC3DC0BB2079A3028F /* Frameworks */,
			);
			sourceTree = "<group>";
		};
		AD9E77011BB7187000F45DD8 /* Products */ = {
			isa = PBXGroup;
			children = (
				AD9E77001BB7187000F45DD8 /* LessonII-5HW.app */,
			);
			name = Products;
			sourceTree = "<group>";
		};
		AD9E77021BB7187000F45DD8 /* LessonII-5HW */ = {
			isa = PBXGroup;
			children = (
				AD9E772E1BB7490A00F45DD8 /* security.jpg */,
				AD9E77301BB7511100F45DD8 /* viewBackground.jpg */,
				AD9E77061BB7187000F45DD8 /* AppDelegate.h */,
				AD9E77071BB7187000F45DD8 /* AppDelegate.m */,
				AD9E771D1BB7199600F45DD8 /* Users+CoreDataProperties.h */,
				AD9E771E1BB7199600F45DD8 /* Users+CoreDataProperties.m */,
				AD9E771F1BB7199600F45DD8 /* Users.h */,
				AD9E77201BB7199600F45DD8 /* Users.m */,
				AD9E77231BB71FBC00F45DD8 /* UsersDbClass.h */,
				AD9E77241BB71FBC00F45DD8 /* UsersDbClass.m */,
				AD9E77091BB7187000F45DD8 /* ViewController.h */,
				AD9E770A1BB7187000F45DD8 /* ViewController.m */,
				AD9E772B1BB7386D00F45DD8 /* CustomTableView.h */,
				AD9E772C1BB7386D00F45DD8 /* CustomTableView.m */,
				AD9E77281BB72DD800F45DD8 /* UsersInfoViewController.h */,
				AD9E77291BB72DD800F45DD8 /* UsersInfoViewController.m */,
				AD9E770C1BB7187000F45DD8 /* Main.storyboard */,
				AD9E770F1BB7187000F45DD8 /* Assets.xcassets */,
				AD9E77111BB7187000F45DD8 /* LaunchScreen.storyboard */,
				AD9E77141BB7187000F45DD8 /* Info.plist */,
				AD9E77031BB7187000F45DD8 /* Supporting Files */,
				AD9E771A1BB7193800F45DD8 /* LessonII-5HW.xcdatamodeld */,
			);
			path = "LessonII-5HW";
			sourceTree = "<group>";
		};
		AD9E77031BB7187000F45DD8 /* Supporting Files */ = {
			isa = PBXGroup;
			children = (
				AD9E77041BB7187000F45DD8 /* main.m */,
			);
			name = "Supporting Files";
			sourceTree = "<group>";
		};
/* End PBXGroup section */

/* Begin PBXNativeTarget section */
		AD9E76FF1BB7187000F45DD8 /* LessonII-5HW */ = {
			isa = PBXNativeTarget;
			buildConfigurationList = AD9E77171BB7187000F45DD8 /* Build configuration list for PBXNativeTarget "LessonII-5HW" */;
			buildPhases = (
				935E6C200D8560D1FB005DF1 /* Check Pods Manifest.lock */,
				AD9E76FC1BB7187000F45DD8 /* Sources */,
				AD9E76FD1BB7187000F45DD8 /* Frameworks */,
				AD9E76FE1BB7187000F45DD8 /* Resources */,
				AE2C3DA67D454A61ED672D1B /* Copy Pods Resources */,
			);
			buildRules = (
			);
			dependencies = (
			);
			name = "LessonII-5HW";
			productName = "LessonII-5HW";
			productReference = AD9E77001BB7187000F45DD8 /* LessonII-5HW.app */;
			productType = "com.apple.product-type.application";
		};
/* End PBXNativeTarget section */

/* Begin PBXProject section */
		AD9E76F81BB7187000F45DD8 /* Project object */ = {
			isa = PBXProject;
			attributes = {
				LastUpgradeCheck = 0700;
				ORGANIZATIONNAME = datastore24;
				TargetAttributes = {
					AD9E76FF1BB7187000F45DD8 = {
						CreatedOnToolsVersion = 7.0;
					};
				};
			};
			buildConfigurationList = AD9E76FB1BB7187000F45DD8 /* Build configuration list for PBXProject "LessonII-5HW" */;
			compatibilityVersion = "Xcode 3.2";
			developmentRegion = English;
			hasScannedForEncodings = 0;
			knownRegions = (
				en,
				Base,
			);
			mainGroup = AD9E76F71BB7187000F45DD8;
			productRefGroup = AD9E77011BB7187000F45DD8 /* Products */;
			projectDirPath = "";
			projectRoot = "";
			targets = (
				AD9E76FF1BB7187000F45DD8 /* LessonII-5HW */,
			);
		};
/* End PBXProject section */

/* Begin PBXResourcesBuildPhase section */
		AD9E76FE1BB7187000F45DD8 /* Resources */ = {
			isa = PBXResourcesBuildPhase;
			buildActionMask = 2147483647;
			files = (
				AD9E77131BB7187000F45DD8 /* LaunchScreen.storyboard in Resources */,
				AD9E77101BB7187000F45DD8 /* Assets.xcassets in Resources */,
				AD9E770E1BB7187000F45DD8 /* Main.storyboard in Resources */,
				AD9E77311BB7511200F45DD8 /* viewBackground.jpg in Resources */,
				AD9E772F1BB7490B00F45DD8 /* security.jpg in Resources */,
			);
			runOnlyForDeploymentPostprocessing = 0;
		};
/* End PBXResourcesBuildPhase section */

/* Begin PBXShellScriptBuildPhase section */
		935E6C200D8560D1FB005DF1 /* Check Pods Manifest.lock */ = {
			isa = PBXShellScriptBuildPhase;
			buildActionMask = 2147483647;
			files = (
			);
			inputPaths = (
			);
			name = "Check Pods Manifest.lock";
			outputPaths = (
			);
			runOnlyForDeploymentPostprocessing = 0;
			shellPath = /bin/sh;
			shellScript = "diff \"${PODS_ROOT}/../Podfile.lock\" \"${PODS_ROOT}/Manifest.lock\" > /dev/null\nif [[ $? != 0 ]] ; then\n    cat << EOM\nerror: The sandbox is not in sync with the Podfile.lock. Run 'pod install' or update your CocoaPods installation.\nEOM\n    exit 1\nfi\n";
			showEnvVarsInLog = 0;
		};
		AE2C3DA67D454A61ED672D1B /* Copy Pods Resources */ = {
			isa = PBXShellScriptBuildPhase;
			buildActionMask = 2147483647;
			files = (
			);
			inputPaths = (
			);
			name = "Copy Pods Resources";
			outputPaths = (
			);
			runOnlyForDeploymentPostprocessing = 0;
			shellPath = /bin/sh;
			shellScript = "\"${SRCROOT}/Pods/Target Support Files/Pods-LessonII-5HW/Pods-LessonII-5HW-resources.sh\"\n";
			showEnvVarsInLog = 0;
		};
/* End PBXShellScriptBuildPhase section */

/* Begin PBXSourcesBuildPhase section */
		AD9E76FC1BB7187000F45DD8 /* Sources */ = {
			isa = PBXSourcesBuildPhase;
			buildActionMask = 2147483647;
			files = (
				AD9E77221BB7199600F45DD8 /* Users.m in Sources */,
				AD9E772A1BB72DD800F45DD8 /* UsersInfoViewController.m in Sources */,
				AD9E771C1BB7193800F45DD8 /* LessonII-5HW.xcdatamodeld in Sources */,
				AD9E770B1BB7187000F45DD8 /* ViewController.m in Sources */,
				AD9E77251BB71FBC00F45DD8 /* UsersDbClass.m in Sources */,
				AD9E772D1BB7386D00F45DD8 /* CustomTableView.m in Sources */,
				AD9E77081BB7187000F45DD8 /* AppDelegate.m in Sources */,
				AD9E77051BB7187000F45DD8 /* main.m in Sources */,
				AD9E77211BB7199600F45DD8 /* Users+CoreDataProperties.m in Sources */,
			);
			runOnlyForDeploymentPostprocessing = 0;
		};
/* End PBXSourcesBuildPhase section */

/* Begin PBXVariantGroup section */
		AD9E770C1BB7187000F45DD8 /* Main.storyboard */ = {
			isa = PBXVariantGroup;
			children = (
				AD9E770D1BB7187000F45DD8 /* Base */,
			);
			name = Main.storyboard;
			sourceTree = "<group>";
		};
		AD9E77111BB7187000F45DD8 /* LaunchScreen.storyboard */ = {
			isa = PBXVariantGroup;
			children = (
				AD9E77121BB7187000F45DD8 /* Base */,
			);
			name = LaunchScreen.storyboard;
			sourceTree = "<group>";
		};
/* End PBXVariantGroup section */

/* Begin XCBuildConfiguration section */
		AD9E77151BB7187000F45DD8 /* Debug */ = {
			isa = XCBuildConfiguration;
			buildSettings = {
				ALWAYS_SEARCH_USER_PATHS = NO;
				CLANG_CXX_LANGUAGE_STANDARD = "gnu++0x";
				CLANG_CXX_LIBRARY = "libc++";
				CLANG_ENABLE_MODULES = YES;
				CLANG_ENABLE_OBJC_ARC = YES;
				CLANG_WARN_BOOL_CONVERSION = YES;
				CLANG_WARN_CONSTANT_CONVERSION = YES;
				CLANG_WARN_DIRECT_OBJC_ISA_USAGE = YES_ERROR;
				CLANG_WARN_EMPTY_BODY = YES;
				CLANG_WARN_ENUM_CONVERSION = YES;
				CLANG_WARN_INT_CONVERSION = YES;
				CLANG_WARN_OBJC_ROOT_CLASS = YES_ERROR;
				CLANG_WARN_UNREACHABLE_CODE = YES;
				CLANG_WARN__DUPLICATE_METHOD_MATCH = YES;
				"CODE_SIGN_IDENTITY[sdk=iphoneos*]" = "iPhone Developer";
				COPY_PHASE_STRIP = NO;
				DEBUG_INFORMATION_FORMAT = dwarf;
				ENABLE_STRICT_OBJC_MSGSEND = YES;
				ENABLE_TESTABILITY = YES;
				GCC_C_LANGUAGE_STANDARD = gnu99;
				GCC_DYNAMIC_NO_PIC = NO;
				GCC_NO_COMMON_BLOCKS = YES;
				GCC_OPTIMIZATION_LEVEL = 0;
				GCC_PREPROCESSOR_DEFINITIONS = (
					"DEBUG=1",
					"$(inherited)",
				);
				GCC_WARN_64_TO_32_BIT_CONVERSION = YES;
				GCC_WARN_ABOUT_RETURN_TYPE = YES_ERROR;
				GCC_WARN_UNDECLARED_SELECTOR = YES;
				GCC_WARN_UNINITIALIZED_AUTOS = YES_AGGRESSIVE;
				GCC_WARN_UNUSED_FUNCTION = YES;
				GCC_WARN_UNUSED_VARIABLE = YES;
				IPHONEOS_DEPLOYMENT_TARGET = 9.0;
				MTL_ENABLE_DEBUG_INFO = YES;
				ONLY_ACTIVE_ARCH = YES;
				SDKROOT = iphoneos;
			};
			name = Debug;
		};
		AD9E77161BB7187000F45DD8 /* Release */ = {
			isa = XCBuildConfiguration;
			buildSettings = {
				ALWAYS_SEARCH_USER_PATHS = NO;
				CLANG_CXX_LANGUAGE_STANDARD = "gnu++0x";
				CLANG_CXX_LIBRARY = "libc++";
				CLANG_ENABLE_MODULES = YES;
				CLANG_ENABLE_OBJC_ARC = YES;
				CLANG_WARN_BOOL_CONVERSION = YES;
				CLANG_WARN_CONSTANT_CONVERSION = YES;
				CLANG_WARN_DIRECT_OBJC_ISA_USAGE = YES_ERROR;
				CLANG_WARN_EMPTY_BODY = YES;
				CLANG_WARN_ENUM_CONVERSION = YES;
				CLANG_WARN_INT_CONVERSION = YES;
				CLANG_WARN_OBJC_ROOT_CLASS = YES_ERROR;
				CLANG_WARN_UNREACHABLE_CODE = YES;
				CLANG_WARN__DUPLICATE_METHOD_MATCH = YES;
				"CODE_SIGN_IDENTITY[sdk=iphoneos*]" = "iPhone Developer";
				COPY_PHASE_STRIP = NO;
				DEBUG_INFORMATION_FORMAT = "dwarf-with-dsym";
				ENABLE_NS_ASSERTIONS = NO;
				ENABLE_STRICT_OBJC_MSGSEND = YES;
				GCC_C_LANGUAGE_STANDARD = gnu99;
				GCC_NO_COMMON_BLOCKS = YES;
				GCC_WARN_64_TO_32_BIT_CONVERSION = YES;
				GCC_WARN_ABOUT_RETURN_TYPE = YES_ERROR;
				GCC_WARN_UNDECLARED_SELECTOR = YES;
				GCC_WARN_UNINITIALIZED_AUTOS = YES_AGGRESSIVE;
				GCC_WARN_UNUSED_FUNCTION = YES;
				GCC_WARN_UNUSED_VARIABLE = YES;
				IPHONEOS_DEPLOYMENT_TARGET = 9.0;
				MTL_ENABLE_DEBUG_INFO = NO;
				SDKROOT = iphoneos;
				VALIDATE_PRODUCT = YES;
			};
			name = Release;
		};
		AD9E77181BB7187000F45DD8 /* Debug */ = {
			isa = XCBuildConfiguration;
			baseConfigurationReference = 56713367B9C2A1FB815C4423 /* Pods-LessonII-5HW.debug.xcconfig */;
			buildSettings = {
				ASSETCATALOG_COMPILER_APPICON_NAME = AppIcon;
				INFOPLIST_FILE = "LessonII-5HW/Info.plist";
				IPHONEOS_DEPLOYMENT_TARGET = 8.4;
				LD_RUNPATH_SEARCH_PATHS = "$(inherited) @executable_path/Frameworks";
				PRODUCT_BUNDLE_IDENTIFIER = "com.datastore24.LessonII-5HW";
				PRODUCT_NAME = "$(TARGET_NAME)";
			};
			name = Debug;
		};
		AD9E77191BB7187000F45DD8 /* Release */ = {
			isa = XCBuildConfiguration;
			baseConfigurationReference = 872C717C4D49DB5C40A112E4 /* Pods-LessonII-5HW.release.xcconfig */;
			buildSettings = {
				ASSETCATALOG_COMPILER_APPICON_NAME = AppIcon;
				INFOPLIST_FILE = "LessonII-5HW/Info.plist";
				IPHONEOS_DEPLOYMENT_TARGET = 8.4;
				LD_RUNPATH_SEARCH_PATHS = "$(inherited) @executable_path/Frameworks";
				PRODUCT_BUNDLE_IDENTIFIER = "com.datastore24.LessonII-5HW";
				PRODUCT_NAME = "$(TARGET_NAME)";
			};
			name = Release;
		};
/* End XCBuildConfiguration section */

/* Begin XCConfigurationList section */
		AD9E76FB1BB7187000F45DD8 /* Build configuration list for PBXProject "LessonII-5HW" */ = {
			isa = XCConfigurationList;
			buildConfigurations = (
				AD9E77151BB7187000F45DD8 /* Debug */,
				AD9E77161BB7187000F45DD8 /* Release */,
			);
			defaultConfigurationIsVisible = 0;
			defaultConfigurationName = Release;
		};
		AD9E77171BB7187000F45DD8 /* Build configuration list for PBXNativeTarget "LessonII-5HW" */ = {
			isa = XCConfigurationList;
			buildConfigurations = (
				AD9E77181BB7187000F45DD8 /* Debug */,
				AD9E77191BB7187000F45DD8 /* Release */,
			);
			defaultConfigurationIsVisible = 0;
			defaultConfigurationName = Release;
		};
/* End XCConfigurationList section */

/* Begin XCVersionGroup section */
		AD9E771A1BB7193800F45DD8 /* LessonII-5HW.xcdatamodeld */ = {
			isa = XCVersionGroup;
			children = (
				AD9E771B1BB7193800F45DD8 /* LessonII-5HW.xcdatamodel */,
			);
			currentVersion = AD9E771B1BB7193800F45DD8 /* LessonII-5HW.xcdatamodel */;
			path = "LessonII-5HW.xcdatamodeld";
			sourceTree = "<group>";
			versionGroupType = wrapper.xcdatamodel;
		};
/* End XCVersionGroup section */
	};
	rootObject = AD9E76F81BB7187000F45DD8 /* Project object */;
}
